{
  "version": 4,
  "terraform_version": "1.14.0",
  "serial": 8,
  "lineage": "5b7556b7-2f02-70d8-8048-c880eb766183",
  "outputs": {
    "container_ip": {
      "value": "172.17.0.4",
      "type": "string"
    },
    "container_name": {
      "value": "todo-app-container",
      "type": "string"
    }
  },
  "resources": [
    {
      "mode": "managed",
      "type": "docker_container",
      "name": "todo_app_container",
      "provider": "provider[\"registry.terraform.io/kreuzwerker/docker\"]",
      "instances": [
        {
          "schema_version": 2,
          "attributes": {
            "attach": false,
            "bridge": "",
            "capabilities": [],
            "command": [
              "node",
              "src/server.js"
            ],
            "container_logs": null,
            "cpu_set": "",
            "cpu_shares": 0,
            "destroy_grace_seconds": null,
            "devices": [],
            "dns": null,
            "dns_opts": null,
            "dns_search": null,
            "domainname": "",
            "entrypoint": [
              "docker-entrypoint.sh"
            ],
            "env": [
              "MONGO_URI=mongodb+srv://Fede_22k:fede2014_22k@cluster0.dtk1apu.mongodb.net/ToDoList?retryWrites=true\u0026w=majority\u0026appName=Cluster0"
            ],
            "exit_code": null,
            "gateway": "172.17.0.1",
            "gpus": null,
            "group_add": null,
            "healthcheck": null,
            "host": [],
            "hostname": "9ef533191788",
            "id": "9ef533191788ea3b69291ac1cf2830262d3f60a8c306a3c66ddfb76843bbe250",
            "image": "sha256:2ac6876fa12090ad2e4ee467c82162f2ba9a3037a8d6a985e59d9cea7c31e76b",
            "init": false,
            "ip_address": "172.17.0.4",
            "ip_prefix_length": 16,
            "ipc_mode": "private",
            "labels": [],
            "links": null,
            "log_driver": "json-file",
            "log_opts": null,
            "logs": false,
            "max_retry_count": 0,
            "memory": 0,
            "memory_swap": 0,
            "mounts": [],
            "must_run": true,
            "name": "todo-app-container",
            "network_alias": null,
            "network_data": [
              {
                "gateway": "172.17.0.1",
                "global_ipv6_address": "",
                "global_ipv6_prefix_length": 0,
                "ip_address": "172.17.0.4",
                "ip_prefix_length": 16,
                "ipv6_gateway": "",
                "network_name": "bridge"
              }
            ],
            "network_mode": "bridge",
            "networks": null,
            "networks_advanced": [],
            "pid_mode": "",
            "ports": [
              {
                "external": 3002,
                "internal": 3001,
                "ip": "0.0.0.0",
                "protocol": "tcp"
              }
            ],
            "privileged": false,
            "publish_all_ports": false,
            "read_only": false,
            "remove_volumes": true,
            "restart": "no",
            "rm": false,
            "runtime": "runc",
            "security_opts": [],
            "shm_size": 64,
            "start": true,
            "stdin_open": false,
            "stop_signal": "",
            "stop_timeout": 0,
            "storage_opts": null,
            "sysctls": null,
            "tmpfs": null,
            "tty": false,
            "ulimit": [],
            "upload": [],
            "user": "",
            "userns_mode": "",
            "volumes": [],
            "working_dir": "/app"
          },
          "sensitive_attributes": [],
          "identity_schema_version": 0,
          "private": "eyJzY2hlbWFfdmVyc2lvbiI6IjIifQ==",
          "dependencies": [
            "docker_image.todo_app"
          ]
        }
      ]
    },
    {
      "mode": "managed",
      "type": "docker_image",
      "name": "todo_app",
      "provider": "provider[\"registry.terraform.io/kreuzwerker/docker\"]",
      "instances": [
        {
          "schema_version": 0,
          "attributes": {
            "build": [],
            "force_remove": null,
            "id": "sha256:2ac6876fa12090ad2e4ee467c82162f2ba9a3037a8d6a985e59d9cea7c31e76bghcr.io/iftsnro29danielcoriacoria-boop/todo-app:latest",
            "keep_locally": null,
            "latest": "sha256:2ac6876fa12090ad2e4ee467c82162f2ba9a3037a8d6a985e59d9cea7c31e76b",
            "name": "ghcr.io/iftsnro29danielcoriacoria-boop/todo-app:latest",
            "output": null,
            "pull_trigger": null,
            "pull_triggers": null,
            "repo_digest": "ghcr.io/iftsnro29danielcoriacoria-boop/todo-app@sha256:2ac6876fa12090ad2e4ee467c82162f2ba9a3037a8d6a985e59d9cea7c31e76b"
          },
          "sensitive_attributes": [],
          "identity_schema_version": 0,
          "private": "bnVsbA=="
        }
      ]
    }
  ],
  "check_results": null
}
